
Microsoft Visual Studio Solution File, Format Version 12.00
# Visual Studio Version 17
VisualStudioVersion = 17.9.34728.123
MinimumVisualStudioVersion = 10.0.40219.1
Project("{FAE04EC0-301F-11D3-BF4B-00C04F79EFBC}") = "NEw", "NEw.csproj", "{ADEC4ED9-A1C9-434D-AA48-2088D09B2641}"
EndProject
Global
	GlobalSection(SolutionConfigurationPlatforms) = preSolution
		Debug|Any CPU = Debug|Any CPU
		Release|Any CPU = Release|Any CPU
	EndGlobalSection
	GlobalSection(ProjectConfigurationPlatforms) = postSolution
		{ADEC4ED9-A1C9-434D-AA48-2088D09B2641}.Debug|Any CPU.ActiveCfg = Debug|Any CPU
		{ADEC4ED9-A1C9-434D-AA48-2088D09B2641}.Debug|Any CPU.Build.0 = Debug|Any CPU
		{ADEC4ED9-A1C9-434D-AA48-2088D09B2641}.Release|Any CPU.ActiveCfg = Release|Any CPU
		{ADEC4ED9-A1C9-434D-AA48-2088D09B2641}.Release|Any CPU.Build.0 = Release|Any CPU
	EndGlobalSection
	GlobalSection(SolutionProperties) = preSolution
		HideSolutionNode = FALSE
	EndGlobalSection
	GlobalSection(ExtensibilityGlobals) = postSolution
		SolutionGuid = {C5931562-97FF-4C1A-988A-A1985D067826}
	EndGlobalSection
EndGlobal
